<?xml version="1.0" encoding="utf-8"?>
<Project ToolsVersion="4.0" xmlns="http://schemas.microsoft.com/developer/msbuild/2003">
  <ItemGroup>
    <ClCompile Include="OIDNGPUPass.cpp" />
    <ClCompile Include="OIDNCudaInterop.cpp" />
  </ItemGroup>
  <ItemGroup>
    <ClInclude Include="OIDNGPUPass.h" />
    <ClInclude Include="OIDNCudaInterop.h" />
  </ItemGroup>
  <ItemGroup>
    <ShaderSource Include="ConvertBufToTex.ps.slang" />
    <ShaderSource Include="ConvertTexToBuf.cs.slang" />
  </ItemGroup>
</Project>